
Microsoft Visual Studio Solution File, Format Version 12.00
# Visual Studio Version 16
VisualStudioVersion = 16.0.30611.23
MinimumVisualStudioVersion = 10.0.40219.1
Project("{9A19103F-16F7-4668-BE54-9A1E7A4F7556}") = "CabInvoiceGenerator", "CabInvoiceGenerator\CabInvoiceGenerator.csproj", "{685800B3-8B61-4287-96E4-8C54C1ECFF17}"
EndProject
Project("{FAE04EC0-301F-11D3-BF4B-00C04F79EFBC}") = "CabInVoiceTest1", "CabInVoiceTest1\CabInVoiceTest1.csproj", "{D83EB1CE-6B89-41C0-A5CC-AE7E2759985B}"
EndProject
Global
	GlobalSection(SolutionConfigurationPlatforms) = preSolution
		Debug|Any CPU = Debug|Any CPU
		Release|Any CPU = Release|Any CPU
	EndGlobalSection
	GlobalSection(ProjectConfigurationPlatforms) = postSolution
		{685800B3-8B61-4287-96E4-8C54C1ECFF17}.Debug|Any CPU.ActiveCfg = Debug|Any CPU
		{685800B3-8B61-4287-96E4-8C54C1ECFF17}.Debug|Any CPU.Build.0 = Debug|Any CPU
		{685800B3-8B61-4287-96E4-8C54C1ECFF17}.Release|Any CPU.ActiveCfg = Release|Any CPU
		{685800B3-8B61-4287-96E4-8C54C1ECFF17}.Release|Any CPU.Build.0 = Release|Any CPU
		{D83EB1CE-6B89-41C0-A5CC-AE7E2759985B}.Debug|Any CPU.ActiveCfg = Debug|Any CPU
		{D83EB1CE-6B89-41C0-A5CC-AE7E2759985B}.Debug|Any CPU.Build.0 = Debug|Any CPU
		{D83EB1CE-6B89-41C0-A5CC-AE7E2759985B}.Release|Any CPU.ActiveCfg = Release|Any CPU
		{D83EB1CE-6B89-41C0-A5CC-AE7E2759985B}.Release|Any CPU.Build.0 = Release|Any CPU
	EndGlobalSection
	GlobalSection(SolutionProperties) = preSolution
		HideSolutionNode = FALSE
	EndGlobalSection
	GlobalSection(ExtensibilityGlobals) = postSolution
		SolutionGuid = {DED82BED-ADBD-4F9B-B05E-5BEFDFA7C826}
	EndGlobalSection
EndGlobal
